Microsoft Visual Studio Solution File, Format Version 12.00
# Visual Studio Version 17
VisualStudioVersion = 17.5.2.0
MinimumVisualStudioVersion = 10.0.40219.1
Project("{2150E333-8FDC-42A3-9474-1A3956D46DE8}") = "lefarma.backend", "lefarma.backend", "{A4FCE302-CDC3-D506-19D5-B1CFCFD0AB8F}"
EndProject
Project("{2150E333-8FDC-42A3-9474-1A3956D46DE8}") = "tests", "tests", "{776DAF90-109C-5EBF-2F7D-5886E13F7477}"
EndProject
Project("{FAE04EC0-301F-11D3-BF4B-00C04F79EFBC}") = "Lefarma.IntegrationTests", "tests\Lefarma.IntegrationTests\Lefarma.IntegrationTests.csproj", "{1D99A002-01E0-1B32-84A4-828C5066C5F2}"
EndProject
Project("{FAE04EC0-301F-11D3-BF4B-00C04F79EFBC}") = "Lefarma.UnitTests", "tests\Lefarma.UnitTests\Lefarma.UnitTests.csproj", "{61641B44-133B-895A-9BA9-9156686CB19C}"
EndProject
Project("{2150E333-8FDC-42A3-9474-1A3956D46DE8}") = "src", "src", "{A96A0A7B-E57A-55CC-CEAF-17FB88229D6E}"
EndProject
Project("{FAE04EC0-301F-11D3-BF4B-00C04F79EFBC}") = "Lefarma.API", "src\Lefarma.API\Lefarma.API.csproj", "{DD70BB86-1DE4-E4A2-D43D-4AA8AE99E154}"
EndProject
Global
	GlobalSection(SolutionConfigurationPlatforms) = preSolution
		Debug|Any CPU = Debug|Any CPU
		Release|Any CPU = Release|Any CPU
	EndGlobalSection
	GlobalSection(ProjectConfigurationPlatforms) = postSolution
		{1D99A002-01E0-1B32-84A4-828C5066C5F2}.Debug|Any CPU.ActiveCfg = Debug|Any CPU
		{1D99A002-01E0-1B32-84A4-828C5066C5F2}.Debug|Any CPU.Build.0 = Debug|Any CPU
		{1D99A002-01E0-1B32-84A4-828C5066C5F2}.Release|Any CPU.ActiveCfg = Release|Any CPU
		{1D99A002-01E0-1B32-84A4-828C5066C5F2}.Release|Any CPU.Build.0 = Release|Any CPU
		{61641B44-133B-895A-9BA9-9156686CB19C}.Debug|Any CPU.ActiveCfg = Debug|Any CPU
		{61641B44-133B-895A-9BA9-9156686CB19C}.Debug|Any CPU.Build.0 = Debug|Any CPU
		{61641B44-133B-895A-9BA9-9156686CB19C}.Release|Any CPU.ActiveCfg = Release|Any CPU
		{61641B44-133B-895A-9BA9-9156686CB19C}.Release|Any CPU.Build.0 = Release|Any CPU
		{DD70BB86-1DE4-E4A2-D43D-4AA8AE99E154}.Debug|Any CPU.ActiveCfg = Debug|Any CPU
		{DD70BB86-1DE4-E4A2-D43D-4AA8AE99E154}.Debug|Any CPU.Build.0 = Debug|Any CPU
		{DD70BB86-1DE4-E4A2-D43D-4AA8AE99E154}.Release|Any CPU.ActiveCfg = Release|Any CPU
		{DD70BB86-1DE4-E4A2-D43D-4AA8AE99E154}.Release|Any CPU.Build.0 = Release|Any CPU
	EndGlobalSection
	GlobalSection(SolutionProperties) = preSolution
		HideSolutionNode = FALSE
	EndGlobalSection
	GlobalSection(NestedProjects) = preSolution
		{776DAF90-109C-5EBF-2F7D-5886E13F7477} = {A4FCE302-CDC3-D506-19D5-B1CFCFD0AB8F}
		{1D99A002-01E0-1B32-84A4-828C5066C5F2} = {776DAF90-109C-5EBF-2F7D-5886E13F7477}
		{61641B44-133B-895A-9BA9-9156686CB19C} = {776DAF90-109C-5EBF-2F7D-5886E13F7477}
		{A96A0A7B-E57A-55CC-CEAF-17FB88229D6E} = {A4FCE302-CDC3-D506-19D5-B1CFCFD0AB8F}
		{DD70BB86-1DE4-E4A2-D43D-4AA8AE99E154} = {A96A0A7B-E57A-55CC-CEAF-17FB88229D6E}
	EndGlobalSection
	GlobalSection(ExtensibilityGlobals) = postSolution
		SolutionGuid = {0A108F3B-5CE2-4030-8638-FBBD653E0E42}
	EndGlobalSection
EndGlobal
